
Microsoft Visual Studio Solution File, Format Version 12.00
# Visual Studio Version 17
VisualStudioVersion = 17.5.33627.172
MinimumVisualStudioVersion = 10.0.40219.1
Project("{FAE04EC0-301F-11D3-BF4B-00C04F79EFBC}") = "PlayAssistant", "PlayAssistant\PlayAssistant.csproj", "{F10D4D12-38D0-43CB-80B5-8B2D5D4BFFFB}"
EndProject
Global
	GlobalSection(SolutionConfigurationPlatforms) = preSolution
		Debug|Any CPU = Debug|Any CPU
		Release|Any CPU = Release|Any CPU
	EndGlobalSection
	GlobalSection(ProjectConfigurationPlatforms) = postSolution
		{F10D4D12-38D0-43CB-80B5-8B2D5D4BFFFB}.Debug|Any CPU.ActiveCfg = Debug|Any CPU
		{F10D4D12-38D0-43CB-80B5-8B2D5D4BFFFB}.Debug|Any CPU.Build.0 = Debug|Any CPU
		{F10D4D12-38D0-43CB-80B5-8B2D5D4BFFFB}.Release|Any CPU.ActiveCfg = Release|Any CPU
		{F10D4D12-38D0-43CB-80B5-8B2D5D4BFFFB}.Release|Any CPU.Build.0 = Release|Any CPU
	EndGlobalSection
	GlobalSection(SolutionProperties) = preSolution
		HideSolutionNode = FALSE
	EndGlobalSection
	GlobalSection(ExtensibilityGlobals) = postSolution
		SolutionGuid = {BBCA9C63-B978-4A03-8121-12B8942C8394}
	EndGlobalSection
EndGlobal
